// !$*UTF8*$!
{
	archiveVersion = 1;
	classes = {
	};
	objectVersion = 77;
	objects = {

/* Begin PBXContainerItemProxy section */
		3D2DA3B92CB6A0BA00AC5CB1 /* PBXContainerItemProxy */ = {
			isa = PBXContainerItemProxy;
			containerPortal = 3D2DA3A02CB6A0B900AC5CB1 /* Project object */;
			proxyType = 1;
			remoteGlobalIDString = 3D2DA3A72CB6A0B900AC5CB1;
			remoteInfo = LabPractical;
		};
		3D2DA3C32CB6A0BA00AC5CB1 /* PBXContainerItemProxy */ = {
			isa = PBXContainerItemProxy;
			containerPortal = 3D2DA3A02CB6A0B900AC5CB1 /* Project object */;
			proxyType = 1;
			remoteGlobalIDString = 3D2DA3A72CB6A0B900AC5CB1;
			remoteInfo = LabPractical;
		};
/* End PBXContainerItemProxy section */

/* Begin PBXFileReference section */
		3D2DA3A82CB6A0B900AC5CB1 /* LabPractical.app */ = {isa = PBXFileReference; explicitFileType = wrapper.application; includeInIndex = 0; path = LabPractical.app; sourceTree = BUILT_PRODUCTS_DIR; };
		3D2DA3B82CB6A0BA00AC5CB1 /* LabPracticalTests.xctest */ = {isa = PBXFileReference; explicitFileType = wrapper.cfbundle; includeInIndex = 0; path = LabPracticalTests.xctest; sourceTree = BUILT_PRODUCTS_DIR; };
		3D2DA3C22CB6A0BA00AC5CB1 /* LabPracticalUITests.xctest */ = {isa = PBXFileReference; explicitFileType = wrapper.cfbundle; includeInIndex = 0; path = LabPracticalUITests.xctest; sourceTree = BUILT_PRODUCTS_DIR; };
/* End PBXFileReference section */

/* Begin PBXFileSystemSynchronizedRootGroup section */
		3D2DA3AA2CB6A0B900AC5CB1 /* LabPractical */ = {
			isa = PBXFileSystemSynchronizedRootGroup;
			path = LabPractical;
			sourceTree = "<group>";
		};
		3D2DA3BB2CB6A0BA00AC5CB1 /* LabPracticalTests */ = {
			isa = PBXFileSystemSynchronizedRootGroup;
			path = LabPracticalTests;
			sourceTree = "<group>";
		};
		3D2DA3C52CB6A0BA00AC5CB1 /* LabPracticalUITests */ = {
			isa = PBXFileSystemSynchronizedRootGroup;
			path = LabPracticalUITests;
			sourceTree = "<group>";
		};
/* End PBXFileSystemSynchronizedRootGroup section */

/* Begin PBXFrameworksBuildPhase section */
		3D2DA3A52CB6A0B900AC5CB1 /* Frameworks */ = {
			isa = PBXFrameworksBuildPhase;
			buildActionMask = 2147483647;
			files = (
			);
			runOnlyForDeploymentPostprocessing = 0;
		};
		3D2DA3B52CB6A0BA00AC5CB1 /* Frameworks */ = {
			isa = PBXFrameworksBuildPhase;
			buildActionMask = 2147483647;
			files = (
			);
			runOnlyForDeploymentPostprocessing = 0;
		};
		3D2DA3BF2CB6A0BA00AC5CB1 /* Frameworks */ = {
			isa = PBXFrameworksBuildPhase;
			buildActionMask = 2147483647;
			files = (
			);
			runOnlyForDeploymentPostprocessing = 0;
		};
/* End PBXFrameworksBuildPhase section */

/* Begin PBXGroup section */
		3D2DA39F2CB6A0B900AC5CB1 = {
			isa = PBXGroup;
			children = (
				3D2DA3AA2CB6A0B900AC5CB1 /* LabPractical */,
				3D2DA3BB2CB6A0BA00AC5CB1 /* LabPracticalTests */,
				3D2DA3C52CB6A0BA00AC5CB1 /* LabPracticalUITests */,
				3D2DA3A92CB6A0B900AC5CB1 /* Products */,
			);
			sourceTree = "<group>";
		};
		3D2DA3A92CB6A0B900AC5CB1 /* Products */ = {
			isa = PBXGroup;
			children = (
				3D2DA3A82CB6A0B900AC5CB1 /* LabPractical.app */,
				3D2DA3B82CB6A0BA00AC5CB1 /* LabPracticalTests.xctest */,
				3D2DA3C22CB6A0BA00AC5CB1 /* LabPracticalUITests.xctest */,
			);
			name = Products;
			sourceTree = "<group>";
		};
/* End PBXGroup section */

/* Begin PBXNativeTarget section */
		3D2DA3A72CB6A0B900AC5CB1 /* LabPractical */ = {
			isa = PBXNativeTarget;
			buildConfigurationList = 3D2DA3CC2CB6A0BA00AC5CB1 /* Build configuration list for PBXNativeTarget "LabPractical" */;
			buildPhases = (
				3D2DA3A42CB6A0B900AC5CB1 /* Sources */,
				3D2DA3A52CB6A0B900AC5CB1 /* Frameworks */,
				3D2DA3A62CB6A0B900AC5CB1 /* Resources */,
			);
			buildRules = (
			);
			dependencies = (
			);
			fileSystemSynchronizedGroups = (
				3D2DA3AA2CB6A0B900AC5CB1 /* LabPractical */,
			);
			name = LabPractical;
			packageProductDependencies = (
			);
			productName = LabPractical;
			productReference = 3D2DA3A82CB6A0B900AC5CB1 /* LabPractical.app */;
			productType = "com.apple.product-type.application";
		};
		3D2DA3B72CB6A0BA00AC5CB1 /* LabPracticalTests */ = {
			isa = PBXNativeTarget;
			buildConfigurationList = 3D2DA3CF2CB6A0BA00AC5CB1 /* Build configuration list for PBXNativeTarget "LabPracticalTests" */;
			buildPhases = (
				3D2DA3B42CB6A0BA00AC5CB1 /* Sources */,
				3D2DA3B52CB6A0BA00AC5CB1 /* Frameworks */,
				3D2DA3B62CB6A0BA00AC5CB1 /* Resources */,
			);
			buildRules = (
			);
			dependencies = (
				3D2DA3BA2CB6A0BA00AC5CB1 /* PBXTargetDependency */,
			);
			fileSystemSynchronizedGroups = (
				3D2DA3BB2CB6A0BA00AC5CB1 /* LabPracticalTests */,
			);
			name = LabPracticalTests;
			packageProductDependencies = (
			);
			productName = LabPracticalTests;
			productReference = 3D2DA3B82CB6A0BA00AC5CB1 /* LabPracticalTests.xctest */;
			productType = "com.apple.product-type.bundle.unit-test";
		};
		3D2DA3C12CB6A0BA00AC5CB1 /* LabPracticalUITests */ = {
			isa = PBXNativeTarget;
			buildConfigurationList = 3D2DA3D22CB6A0BA00AC5CB1 /* Build configuration list for PBXNativeTarget "LabPracticalUITests" */;
			buildPhases = (
				3D2DA3BE2CB6A0BA00AC5CB1 /* Sources */,
				3D2DA3BF2CB6A0BA00AC5CB1 /* Frameworks */,
				3D2DA3C02CB6A0BA00AC5CB1 /* Resources */,
			);
			buildRules = (
			);
			dependencies = (
				3D2DA3C42CB6A0BA00AC5CB1 /* PBXTargetDependency */,
			);
			fileSystemSynchronizedGroups = (
				3D2DA3C52CB6A0BA00AC5CB1 /* LabPracticalUITests */,
			);
			name = LabPracticalUITests;
			packageProductDependencies = (
			);
			productName = LabPracticalUITests;
			productReference = 3D2DA3C22CB6A0BA00AC5CB1 /* LabPracticalUITests.xctest */;
			productType = "com.apple.product-type.bundle.ui-testing";
		};
/* End PBXNativeTarget section */

/* Begin PBXProject section */
		3D2DA3A02CB6A0B900AC5CB1 /* Project object */ = {
			isa = PBXProject;
			attributes = {
				BuildIndependentTargetsInParallel = 1;
				LastSwiftUpdateCheck = 1600;
				LastUpgradeCheck = 1600;
				TargetAttributes = {
					3D2DA3A72CB6A0B900AC5CB1 = {
						CreatedOnToolsVersion = 16.0;
					};
					3D2DA3B72CB6A0BA00AC5CB1 = {
						CreatedOnToolsVersion = 16.0;
						TestTargetID = 3D2DA3A72CB6A0B900AC5CB1;
					};
					3D2DA3C12CB6A0BA00AC5CB1 = {
						CreatedOnToolsVersion = 16.0;
						TestTargetID = 3D2DA3A72CB6A0B900AC5CB1;
					};
				};
			};
			buildConfigurationList = 3D2DA3A32CB6A0B900AC5CB1 /* Build configuration list for PBXProject "LabPractical" */;
			developmentRegion = en;
			hasScannedForEncodings = 0;
			knownRegions = (
				en,
				Base,
			);
			mainGroup = 3D2DA39F2CB6A0B900AC5CB1;
			minimizedProjectReferenceProxies = 1;
			preferredProjectObjectVersion = 77;
			productRefGroup = 3D2DA3A92CB6A0B900AC5CB1 /* Products */;
			projectDirPath = "";
			projectRoot = "";
			targets = (
				3D2DA3A72CB6A0B900AC5CB1 /* LabPractical */,
				3D2DA3B72CB6A0BA00AC5CB1 /* LabPracticalTests */,
				3D2DA3C12CB6A0BA00AC5CB1 /* LabPracticalUITests */,
			);
		};
/* End PBXProject section */

/* Begin PBXResourcesBuildPhase section */
		3D2DA3A62CB6A0B900AC5CB1 /* Resources */ = {
			isa = PBXResourcesBuildPhase;
			buildActionMask = 2147483647;
			files = (
			);
			runOnlyForDeploymentPostprocessing = 0;
		};
		3D2DA3B62CB6A0BA00AC5CB1 /* Resources */ = {
			isa = PBXResourcesBuildPhase;
			buildActionMask = 2147483647;
			files = (
			);
			runOnlyForDeploymentPostprocessing = 0;
		};
		3D2DA3C02CB6A0BA00AC5CB1 /* Resources */ = {
			isa = PBXResourcesBuildPhase;
			buildActionMask = 2147483647;
			files = (
			);
			runOnlyForDeploymentPostprocessing = 0;
		};
/* End PBXResourcesBuildPhase section */

/* Begin PBXSourcesBuildPhase section */
		3D2DA3A42CB6A0B900AC5CB1 /* Sources */ = {
			isa = PBXSourcesBuildPhase;
			buildActionMask = 2147483647;
			files = (
			);
			runOnlyForDeploymentPostprocessing = 0;
		};
		3D2DA3B42CB6A0BA00AC5CB1 /* Sources */ = {
			isa = PBXSourcesBuildPhase;
			buildActionMask = 2147483647;
			files = (
			);
			runOnlyForDeploymentPostprocessing = 0;
		};
		3D2DA3BE2CB6A0BA00AC5CB1 /* Sources */ = {
			isa = PBXSourcesBuildPhase;
			buildActionMask = 2147483647;
			files = (
			);
			runOnlyForDeploymentPostprocessing = 0;
		};
/* End PBXSourcesBuildPhase section */

/* Begin PBXTargetDependency section */
		3D2DA3BA2CB6A0BA00AC5CB1 /* PBXTargetDependency */ = {
			isa = PBXTargetDependency;
			target = 3D2DA3A72CB6A0B900AC5CB1 /* LabPractical */;
			targetProxy = 3D2DA3B92CB6A0BA00AC5CB1 /* PBXContainerItemProxy */;
		};
		3D2DA3C42CB6A0BA00AC5CB1 /* PBXTargetDependency */ = {
			isa = PBXTargetDependency;
			target = 3D2DA3A72CB6A0B900AC5CB1 /* LabPractical */;
			targetProxy = 3D2DA3C32CB6A0BA00AC5CB1 /* PBXContainerItemProxy */;
		};
/* End PBXTargetDependency section */

/* Begin XCBuildConfiguration section */
		3D2DA3CA2CB6A0BA00AC5CB1 /* Debug */ = {
			isa = XCBuildConfiguration;
			buildSettings = {
				ALWAYS_SEARCH_USER_PATHS = NO;
				ASSETCATALOG_COMPILER_GENERATE_SWIFT_ASSET_SYMBOL_EXTENSIONS = YES;
				CLANG_ANALYZER_NONNULL = YES;
				CLANG_ANALYZER_NUMBER_OBJECT_CONVERSION = YES_AGGRESSIVE;
				CLANG_CXX_LANGUAGE_STANDARD = "gnu++20";
				CLANG_ENABLE_MODULES = YES;
				CLANG_ENABLE_OBJC_ARC = YES;
				CLANG_ENABLE_OBJC_WEAK = YES;
				CLANG_WARN_BLOCK_CAPTURE_AUTORELEASING = YES;
				CLANG_WARN_BOOL_CONVERSION = YES;
				CLANG_WARN_COMMA = YES;
				CLANG_WARN_CONSTANT_CONVERSION = YES;
				CLANG_WARN_DEPRECATED_OBJC_IMPLEMENTATIONS = YES;
				CLANG_WARN_DIRECT_OBJC_ISA_USAGE = YES_ERROR;
				CLANG_WARN_DOCUMENTATION_COMMENTS = YES;
				CLANG_WARN_EMPTY_BODY = YES;
				CLANG_WARN_ENUM_CONVERSION = YES;
				CLANG_WARN_INFINITE_RECURSION = YES;
				CLANG_WARN_INT_CONVERSION = YES;
				CLANG_WARN_NON_LITERAL_NULL_CONVERSION = YES;
				CLANG_WARN_OBJC_IMPLICIT_RETAIN_SELF = YES;
				CLANG_WARN_OBJC_LITERAL_CONVERSION = YES;
				CLANG_WARN_OBJC_ROOT_CLASS = YES_ERROR;
				CLANG_WARN_QUOTED_INCLUDE_IN_FRAMEWORK_HEADER = YES;
				CLANG_WARN_RANGE_LOOP_ANALYSIS = YES;
				CLANG_WARN_STRICT_PROTOTYPES = YES;
				CLANG_WARN_SUSPICIOUS_MOVE = YES;
				CLANG_WARN_UNGUARDED_AVAILABILITY = YES_AGGRESSIVE;
				CLANG_WARN_UNREACHABLE_CODE = YES;
				CLANG_WARN__DUPLICATE_METHOD_MATCH = YES;
				COPY_PHASE_STRIP = NO;
				DEBUG_INFORMATION_FORMAT = dwarf;
				ENABLE_STRICT_OBJC_MSGSEND = YES;
				ENABLE_TESTABILITY = YES;
				ENABLE_USER_SCRIPT_SANDBOXING = YES;
				GCC_C_LANGUAGE_STANDARD = gnu17;
				GCC_DYNAMIC_NO_PIC = NO;
				GCC_NO_COMMON_BLOCKS = YES;
				GCC_OPTIMIZATION_LEVEL = 0;
				GCC_PREPROCESSOR_DEFINITIONS = (
					"DEBUG=1",
					"$(inherited)",
				);
				GCC_WARN_64_TO_32_BIT_CONVERSION = YES;
				GCC_WARN_ABOUT_RETURN_TYPE = YES_ERROR;
				GCC_WARN_UNDECLARED_SELECTOR = YES;
				GCC_WARN_UNINITIALIZED_AUTOS = YES_AGGRESSIVE;
				GCC_WARN_UNUSED_FUNCTION = YES;
				GCC_WARN_UNUSED_VARIABLE = YES;
				IPHONEOS_DEPLOYMENT_TARGET = 18.0;
				LOCALIZATION_PREFERS_STRING_CATALOGS = YES;
				MTL_ENABLE_DEBUG_INFO = INCLUDE_SOURCE;
				MTL_FAST_MATH = YES;
				ONLY_ACTIVE_ARCH = YES;
				SDKROOT = iphoneos;
				SWIFT_ACTIVE_COMPILATION_CONDITIONS = "DEBUG $(inherited)";
				SWIFT_OPTIMIZATION_LEVEL = "-Onone";
			};
			name = Debug;
		};
		3D2DA3CB2CB6A0BA00AC5CB1 /* Release */ = {
			isa = XCBuildConfiguration;
			buildSettings = {
				ALWAYS_SEARCH_USER_PATHS = NO;
				ASSETCATALOG_COMPILER_GENERATE_SWIFT_ASSET_SYMBOL_EXTENSIONS = YES;
				CLANG_ANALYZER_NONNULL = YES;
				CLANG_ANALYZER_NUMBER_OBJECT_CONVERSION = YES_AGGRESSIVE;
				CLANG_CXX_LANGUAGE_STANDARD = "gnu++20";
				CLANG_ENABLE_MODULES = YES;
				CLANG_ENABLE_OBJC_ARC = YES;
				CLANG_ENABLE_OBJC_WEAK = YES;
				CLANG_WARN_BLOCK_CAPTURE_AUTORELEASING = YES;
				CLANG_WARN_BOOL_CONVERSION = YES;
				CLANG_WARN_COMMA = YES;
				CLANG_WARN_CONSTANT_CONVERSION = YES;
				CLANG_WARN_DEPRECATED_OBJC_IMPLEMENTATIONS = YES;
				CLANG_WARN_DIRECT_OBJC_ISA_USAGE = YES_ERROR;
				CLANG_WARN_DOCUMENTATION_COMMENTS = YES;
				CLANG_WARN_EMPTY_BODY = YES;
				CLANG_WARN_ENUM_CONVERSION = YES;
				CLANG_WARN_INFINITE_RECURSION = YES;
				CLANG_WARN_INT_CONVERSION = YES;
				CLANG_WARN_NON_LITERAL_NULL_CONVERSION = YES;
				CLANG_WARN_OBJC_IMPLICIT_RETAIN_SELF = YES;
				CLANG_WARN_OBJC_LITERAL_CONVERSION = YES;
				CLANG_WARN_OBJC_ROOT_CLASS = YES_ERROR;
				CLANG_WARN_QUOTED_INCLUDE_IN_FRAMEWORK_HEADER = YES;
				CLANG_WARN_RANGE_LOOP_ANALYSIS = YES;
				CLANG_WARN_STRICT_PROTOTYPES = YES;
				CLANG_WARN_SUSPICIOUS_MOVE = YES;
				CLANG_WARN_UNGUARDED_AVAILABILITY = YES_AGGRESSIVE;
				CLANG_WARN_UNREACHABLE_CODE = YES;
				CLANG_WARN__DUPLICATE_METHOD_MATCH = YES;
				COPY_PHASE_STRIP = NO;
				DEBUG_INFORMATION_FORMAT = "dwarf-with-dsym";
				ENABLE_NS_ASSERTIONS = NO;
				ENABLE_STRICT_OBJC_MSGSEND = YES;
				ENABLE_USER_SCRIPT_SANDBOXING = YES;
				GCC_C_LANGUAGE_STANDARD = gnu17;
				GCC_NO_COMMON_BLOCKS = YES;
				GCC_WARN_64_TO_32_BIT_CONVERSION = YES;
				GCC_WARN_ABOUT_RETURN_TYPE = YES_ERROR;
				GCC_WARN_UNDECLARED_SELECTOR = YES;
				GCC_WARN_UNINITIALIZED_AUTOS = YES_AGGRESSIVE;
				GCC_WARN_UNUSED_FUNCTION = YES;
				GCC_WARN_UNUSED_VARIABLE = YES;
				IPHONEOS_DEPLOYMENT_TARGET = 18.0;
				LOCALIZATION_PREFERS_STRING_CATALOGS = YES;
				MTL_ENABLE_DEBUG_INFO = NO;
				MTL_FAST_MATH = YES;
				SDKROOT = iphoneos;
				SWIFT_COMPILATION_MODE = wholemodule;
				VALIDATE_PRODUCT = YES;
			};
			name = Release;
		};
		3D2DA3CD2CB6A0BA00AC5CB1 /* Debug */ = {
			isa = XCBuildConfiguration;
			buildSettings = {
				ASSETCATALOG_COMPILER_APPICON_NAME = AppIcon;
				ASSETCATALOG_COMPILER_GLOBAL_ACCENT_COLOR_NAME = AccentColor;
				CODE_SIGN_STYLE = Automatic;
				CURRENT_PROJECT_VERSION = 1;
				DEVELOPMENT_ASSET_PATHS = "\"LabPractical/Preview Content\"";
				ENABLE_PREVIEWS = YES;
				GENERATE_INFOPLIST_FILE = YES;
				INFOPLIST_KEY_UIApplicationSceneManifest_Generation = YES;
				INFOPLIST_KEY_UIApplicationSupportsIndirectInputEvents = YES;
				INFOPLIST_KEY_UILaunchScreen_Generation = YES;
				INFOPLIST_KEY_UISupportedInterfaceOrientations_iPad = "UIInterfaceOrientationPortrait UIInterfaceOrientationPortraitUpsideDown UIInterfaceOrientationLandscapeLeft UIInterfaceOrientationLandscapeRight";
				INFOPLIST_KEY_UISupportedInterfaceOrientations_iPhone = "UIInterfaceOrientationPortrait UIInterfaceOrientationLandscapeLeft UIInterfaceOrientationLandscapeRight";
				LD_RUNPATH_SEARCH_PATHS = (
					"$(inherited)",
					"@executable_path/Frameworks",
				);
				MARKETING_VERSION = 1.0;
				PRODUCT_BUNDLE_IDENTIFIER = sithum.LabPractical;
				PRODUCT_NAME = "$(TARGET_NAME)";
				SWIFT_EMIT_LOC_STRINGS = YES;
				SWIFT_VERSION = 5.0;
				TARGETED_DEVICE_FAMILY = "1,2";
			};
			name = Debug;
		};
		3D2DA3CE2CB6A0BA00AC5CB1 /* Release */ = {
			isa = XCBuildConfiguration;
			buildSettings = {
				ASSETCATALOG_COMPILER_APPICON_NAME = AppIcon;
				ASSETCATALOG_COMPILER_GLOBAL_ACCENT_COLOR_NAME = AccentColor;
				CODE_SIGN_STYLE = Automatic;
				CURRENT_PROJECT_VERSION = 1;
				DEVELOPMENT_ASSET_PATHS = "\"LabPractical/Preview Content\"";
				ENABLE_PREVIEWS = YES;
				GENERATE_INFOPLIST_FILE = YES;
				INFOPLIST_KEY_UIApplicationSceneManifest_Generation = YES;
				INFOPLIST_KEY_UIApplicationSupportsIndirectInputEvents = YES;
				INFOPLIST_KEY_UILaunchScreen_Generation = YES;
				INFOPLIST_KEY_UISupportedInterfaceOrientations_iPad = "UIInterfaceOrientationPortrait UIInterfaceOrientationPortraitUpsideDown UIInterfaceOrientationLandscapeLeft UIInterfaceOrientationLandscapeRight";
				INFOPLIST_KEY_UISupportedInterfaceOrientations_iPhone = "UIInterfaceOrientationPortrait UIInterfaceOrientationLandscapeLeft UIInterfaceOrientationLandscapeRight";
				LD_RUNPATH_SEARCH_PATHS = (
					"$(inherited)",
					"@executable_path/Frameworks",
				);
				MARKETING_VERSION = 1.0;
				PRODUCT_BUNDLE_IDENTIFIER = sithum.LabPractical;
				PRODUCT_NAME = "$(TARGET_NAME)";
				SWIFT_EMIT_LOC_STRINGS = YES;
				SWIFT_VERSION = 5.0;
				TARGETED_DEVICE_FAMILY = "1,2";
			};
			name = Release;
		};
		3D2DA3D02CB6A0BA00AC5CB1 /* Debug */ = {
			isa = XCBuildConfiguration;
			buildSettings = {
				BUNDLE_LOADER = "$(TEST_HOST)";
				CODE_SIGN_STYLE = Automatic;
				CURRENT_PROJECT_VERSION = 1;
				GENERATE_INFOPLIST_FILE = YES;
				IPHONEOS_DEPLOYMENT_TARGET = 18.0;
				MARKETING_VERSION = 1.0;
				PRODUCT_BUNDLE_IDENTIFIER = sithum.LabPracticalTests;
				PRODUCT_NAME = "$(TARGET_NAME)";
				SWIFT_EMIT_LOC_STRINGS = NO;
				SWIFT_VERSION = 5.0;
				TARGETED_DEVICE_FAMILY = "1,2";
				TEST_HOST = "$(BUILT_PRODUCTS_DIR)/LabPractical.app/$(BUNDLE_EXECUTABLE_FOLDER_PATH)/LabPractical";
			};
			name = Debug;
		};
		3D2DA3D12CB6A0BA00AC5CB1 /* Release */ = {
			isa = XCBuildConfiguration;
			buildSettings = {
				BUNDLE_LOADER = "$(TEST_HOST)";
				CODE_SIGN_STYLE = Automatic;
				CURRENT_PROJECT_VERSION = 1;
				GENERATE_INFOPLIST_FILE = YES;
				IPHONEOS_DEPLOYMENT_TARGET = 18.0;
				MARKETING_VERSION = 1.0;
				PRODUCT_BUNDLE_IDENTIFIER = sithum.LabPracticalTests;
				PRODUCT_NAME = "$(TARGET_NAME)";
				SWIFT_EMIT_LOC_STRINGS = NO;
				SWIFT_VERSION = 5.0;
				TARGETED_DEVICE_FAMILY = "1,2";
				TEST_HOST = "$(BUILT_PRODUCTS_DIR)/LabPractical.app/$(BUNDLE_EXECUTABLE_FOLDER_PATH)/LabPractical";
			};
			name = Release;
		};
		3D2DA3D32CB6A0BA00AC5CB1 /* Debug */ = {
			isa = XCBuildConfiguration;
			buildSettings = {
				CODE_SIGN_STYLE = Automatic;
				CURRENT_PROJECT_VERSION = 1;
				GENERATE_INFOPLIST_FILE = YES;
				MARKETING_VERSION = 1.0;
				PRODUCT_BUNDLE_IDENTIFIER = sithum.LabPracticalUITests;
				PRODUCT_NAME = "$(TARGET_NAME)";
				SWIFT_EMIT_LOC_STRINGS = NO;
				SWIFT_VERSION = 5.0;
				TARGETED_DEVICE_FAMILY = "1,2";
				TEST_TARGET_NAME = LabPractical;
			};
			name = Debug;
		};
		3D2DA3D42CB6A0BA00AC5CB1 /* Release */ = {
			isa = XCBuildConfiguration;
			buildSettings = {
				CODE_SIGN_STYLE = Automatic;
				CURRENT_PROJECT_VERSION = 1;
				GENERATE_INFOPLIST_FILE = YES;
				MARKETING_VERSION = 1.0;
				PRODUCT_BUNDLE_IDENTIFIER = sithum.LabPracticalUITests;
				PRODUCT_NAME = "$(TARGET_NAME)";
				SWIFT_EMIT_LOC_STRINGS = NO;
				SWIFT_VERSION = 5.0;
				TARGETED_DEVICE_FAMILY = "1,2";
				TEST_TARGET_NAME = LabPractical;
			};
			name = Release;
		};
/* End XCBuildConfiguration section */

/* Begin XCConfigurationList section */
		3D2DA3A32CB6A0B900AC5CB1 /* Build configuration list for PBXProject "LabPractical" */ = {
			isa = XCConfigurationList;
			buildConfigurations = (
				3D2DA3CA2CB6A0BA00AC5CB1 /* Debug */,
				3D2DA3CB2CB6A0BA00AC5CB1 /* Release */,
			);
			defaultConfigurationIsVisible = 0;
			defaultConfigurationName = Release;
		};
		3D2DA3CC2CB6A0BA00AC5CB1 /* Build configuration list for PBXNativeTarget "LabPractical" */ = {
			isa = XCConfigurationList;
			buildConfigurations = (
				3D2DA3CD2CB6A0BA00AC5CB1 /* Debug */,
				3D2DA3CE2CB6A0BA00AC5CB1 /* Release */,
			);
			defaultConfigurationIsVisible = 0;
			defaultConfigurationName = Release;
		};
		3D2DA3CF2CB6A0BA00AC5CB1 /* Build configuration list for PBXNativeTarget "LabPracticalTests" */ = {
			isa = XCConfigurationList;
			buildConfigurations = (
				3D2DA3D02CB6A0BA00AC5CB1 /* Debug */,
				3D2DA3D12CB6A0BA00AC5CB1 /* Release */,
			);
			defaultConfigurationIsVisible = 0;
			defaultConfigurationName = Release;
		};
		3D2DA3D22CB6A0BA00AC5CB1 /* Build configuration list for PBXNativeTarget "LabPracticalUITests" */ = {
			isa = XCConfigurationList;
			buildConfigurations = (
				3D2DA3D32CB6A0BA00AC5CB1 /* Debug */,
				3D2DA3D42CB6A0BA00AC5CB1 /* Release */,
			);
			defaultConfigurationIsVisible = 0;
			defaultConfigurationName = Release;
		};
/* End XCConfigurationList section */
	};
	rootObject = 3D2DA3A02CB6A0B900AC5CB1 /* Project object */;
}
